
Microsoft Visual Studio Solution File, Format Version 12.00
# Visual Studio Version 17
VisualStudioVersion = 17.7.34009.444
MinimumVisualStudioVersion = 10.0.40219.1
Project("{FAE04EC0-301F-11D3-BF4B-00C04F79EFBC}") = "ConsoleApp-WebBrowser", "ConsoleApp-WebBrowser.csproj", "{9193BF6E-9D54-49A8-958F-E36C254D5DA3}"
EndProject
Global
	GlobalSection(SolutionConfigurationPlatforms) = preSolution
		Debug|Any CPU = Debug|Any CPU
		Release|Any CPU = Release|Any CPU
	EndGlobalSection
	GlobalSection(ProjectConfigurationPlatforms) = postSolution
		{9193BF6E-9D54-49A8-958F-E36C254D5DA3}.Debug|Any CPU.ActiveCfg = Debug|Any CPU
		{9193BF6E-9D54-49A8-958F-E36C254D5DA3}.Debug|Any CPU.Build.0 = Debug|Any CPU
		{9193BF6E-9D54-49A8-958F-E36C254D5DA3}.Release|Any CPU.ActiveCfg = Release|Any CPU
		{9193BF6E-9D54-49A8-958F-E36C254D5DA3}.Release|Any CPU.Build.0 = Release|Any CPU
	EndGlobalSection
	GlobalSection(SolutionProperties) = preSolution
		HideSolutionNode = FALSE
	EndGlobalSection
	GlobalSection(ExtensibilityGlobals) = postSolution
		SolutionGuid = {8F436205-B09A-49D6-8795-2093F3E210D9}
	EndGlobalSection
EndGlobal
