
Microsoft Visual Studio Solution File, Format Version 12.00
# Visual Studio Version 17
VisualStudioVersion = 17.7.34003.232
MinimumVisualStudioVersion = 10.0.40219.1
Project("{FAE04EC0-301F-11D3-BF4B-00C04F79EFBC}") = "WebApplication_MilkAndCookies", "WebApplication_MilkAndCookies.csproj", "{639FA060-F723-4E81-9EC5-0DB07570A040}"
EndProject
Global
	GlobalSection(SolutionConfigurationPlatforms) = preSolution
		Debug|Any CPU = Debug|Any CPU
		Release|Any CPU = Release|Any CPU
	EndGlobalSection
	GlobalSection(ProjectConfigurationPlatforms) = postSolution
		{639FA060-F723-4E81-9EC5-0DB07570A040}.Debug|Any CPU.ActiveCfg = Debug|Any CPU
		{639FA060-F723-4E81-9EC5-0DB07570A040}.Debug|Any CPU.Build.0 = Debug|Any CPU
		{639FA060-F723-4E81-9EC5-0DB07570A040}.Release|Any CPU.ActiveCfg = Release|Any CPU
		{639FA060-F723-4E81-9EC5-0DB07570A040}.Release|Any CPU.Build.0 = Release|Any CPU
	EndGlobalSection
	GlobalSection(SolutionProperties) = preSolution
		HideSolutionNode = FALSE
	EndGlobalSection
	GlobalSection(ExtensibilityGlobals) = postSolution
		SolutionGuid = {FFB6910C-FFCE-4C35-AC6A-70AE88A7C8E0}
	EndGlobalSection
EndGlobal
